
Microsoft Visual Studio Solution File, Format Version 12.00
# Visual Studio Version 17
VisualStudioVersion = 17.11.35222.181
MinimumVisualStudioVersion = 10.0.40219.1
Project("{FAE04EC0-301F-11D3-BF4B-00C04F79EFBC}") = "Lista_Comercio", "Lista_Comercio\Lista_Comercio.csproj", "{F06FCE27-F5DC-407A-AC5A-13DCE9A75939}"
EndProject
Global
	GlobalSection(SolutionConfigurationPlatforms) = preSolution
		Debug|Any CPU = Debug|Any CPU
		Release|Any CPU = Release|Any CPU
	EndGlobalSection
	GlobalSection(ProjectConfigurationPlatforms) = postSolution
		{F06FCE27-F5DC-407A-AC5A-13DCE9A75939}.Debug|Any CPU.ActiveCfg = Debug|Any CPU
		{F06FCE27-F5DC-407A-AC5A-13DCE9A75939}.Debug|Any CPU.Build.0 = Debug|Any CPU
		{F06FCE27-F5DC-407A-AC5A-13DCE9A75939}.Release|Any CPU.ActiveCfg = Release|Any CPU
		{F06FCE27-F5DC-407A-AC5A-13DCE9A75939}.Release|Any CPU.Build.0 = Release|Any CPU
	EndGlobalSection
	GlobalSection(SolutionProperties) = preSolution
		HideSolutionNode = FALSE
	EndGlobalSection
	GlobalSection(ExtensibilityGlobals) = postSolution
		SolutionGuid = {C9673D94-8EED-4532-BC9F-4A97E6721445}
	EndGlobalSection
EndGlobal
